
Microsoft Visual Studio Solution File, Format Version 12.00
# Visual Studio Version 17
VisualStudioVersion = 17.12.35707.178
MinimumVisualStudioVersion = 10.0.40219.1
Project("{FAE04EC0-301F-11D3-BF4B-00C04F79EFBC}") = "OnePass.API", "OnePassAPI\OnePass.API.csproj", "{3E7DAC5F-9573-40FA-8506-9353E79525DE}"
EndProject
Project("{FAE04EC0-301F-11D3-BF4B-00C04F79EFBC}") = "OnePass.Infrastructure", "OnePass.Infrastructure\OnePass.Infrastructure.csproj", "{F48C08DE-CF44-4D3F-B37E-818BD7468A42}"
EndProject
Project("{FAE04EC0-301F-11D3-BF4B-00C04F79EFBC}") = "OnePass.Domain", "OnePass.Domain\OnePass.Domain.csproj", "{482A5BA9-492A-41AD-A082-106098DF7A2F}"
EndProject
Project("{FAE04EC0-301F-11D3-BF4B-00C04F79EFBC}") = "OnePass.Domain.Services", "OnePass.Domain.Services\OnePass.Domain.Services.csproj", "{75E8C1DA-2200-4E9D-970C-99E656E66F3F}"
EndProject
Project("{FAE04EC0-301F-11D3-BF4B-00C04F79EFBC}") = "OnePass.Dto", "OnePass.Dto\OnePass.Dto.csproj", "{612EA13C-50A4-49FA-B41E-B0ECD11A7241}"
EndProject
Global
	GlobalSection(SolutionConfigurationPlatforms) = preSolution
		Debug|Any CPU = Debug|Any CPU
		Release|Any CPU = Release|Any CPU
	EndGlobalSection
	GlobalSection(ProjectConfigurationPlatforms) = postSolution
		{3E7DAC5F-9573-40FA-8506-9353E79525DE}.Debug|Any CPU.ActiveCfg = Debug|Any CPU
		{3E7DAC5F-9573-40FA-8506-9353E79525DE}.Debug|Any CPU.Build.0 = Debug|Any CPU
		{3E7DAC5F-9573-40FA-8506-9353E79525DE}.Release|Any CPU.ActiveCfg = Release|Any CPU
		{3E7DAC5F-9573-40FA-8506-9353E79525DE}.Release|Any CPU.Build.0 = Release|Any CPU
		{F48C08DE-CF44-4D3F-B37E-818BD7468A42}.Debug|Any CPU.ActiveCfg = Debug|Any CPU
		{F48C08DE-CF44-4D3F-B37E-818BD7468A42}.Debug|Any CPU.Build.0 = Debug|Any CPU
		{F48C08DE-CF44-4D3F-B37E-818BD7468A42}.Release|Any CPU.ActiveCfg = Release|Any CPU
		{F48C08DE-CF44-4D3F-B37E-818BD7468A42}.Release|Any CPU.Build.0 = Release|Any CPU
		{482A5BA9-492A-41AD-A082-106098DF7A2F}.Debug|Any CPU.ActiveCfg = Debug|Any CPU
		{482A5BA9-492A-41AD-A082-106098DF7A2F}.Debug|Any CPU.Build.0 = Debug|Any CPU
		{482A5BA9-492A-41AD-A082-106098DF7A2F}.Release|Any CPU.ActiveCfg = Release|Any CPU
		{482A5BA9-492A-41AD-A082-106098DF7A2F}.Release|Any CPU.Build.0 = Release|Any CPU
		{75E8C1DA-2200-4E9D-970C-99E656E66F3F}.Debug|Any CPU.ActiveCfg = Debug|Any CPU
		{75E8C1DA-2200-4E9D-970C-99E656E66F3F}.Debug|Any CPU.Build.0 = Debug|Any CPU
		{75E8C1DA-2200-4E9D-970C-99E656E66F3F}.Release|Any CPU.ActiveCfg = Release|Any CPU
		{75E8C1DA-2200-4E9D-970C-99E656E66F3F}.Release|Any CPU.Build.0 = Release|Any CPU
		{612EA13C-50A4-49FA-B41E-B0ECD11A7241}.Debug|Any CPU.ActiveCfg = Debug|Any CPU
		{612EA13C-50A4-49FA-B41E-B0ECD11A7241}.Debug|Any CPU.Build.0 = Debug|Any CPU
		{612EA13C-50A4-49FA-B41E-B0ECD11A7241}.Release|Any CPU.ActiveCfg = Release|Any CPU
		{612EA13C-50A4-49FA-B41E-B0ECD11A7241}.Release|Any CPU.Build.0 = Release|Any CPU
	EndGlobalSection
	GlobalSection(SolutionProperties) = preSolution
		HideSolutionNode = FALSE
	EndGlobalSection
EndGlobal
